# This file is automatically @generated by Cargo.
# It is not intended for manual editing.
version = 3

[[package]]
name = "kvs-client"
version = "0.1.0"
dependencies = [
 "kvs-common",
]

[[package]]
name = "kvs-common"
version = "0.1.0"

[[package]]
name = "kvs-server"
version = "0.1.0"
dependencies = [
 "kvs-common",
]
